// !$*UTF8*$!
{
	archiveVersion = 1;
	classes = {
	};
	objectVersion = 50;
	objects = {

/* Begin PBXBuildFile section */
		5920DA3624FD528900D38772 /* LinksModel.swift in Sources */ = {isa = PBXBuildFile; fileRef = 5920DA3524FD528900D38772 /* LinksModel.swift */; };
		5920DA3824FD54BE00D38772 /* LinkView.swift in Sources */ = {isa = PBXBuildFile; fileRef = 5920DA3724FD54BE00D38772 /* LinkView.swift */; };
		5930424D24FD43D800C7ACEB /* TechReaderApp.swift in Sources */ = {isa = PBXBuildFile; fileRef = 5930424C24FD43D800C7ACEB /* TechReaderApp.swift */; };
		5930424F24FD43D800C7ACEB /* ContentView.swift in Sources */ = {isa = PBXBuildFile; fileRef = 5930424E24FD43D800C7ACEB /* ContentView.swift */; };
		5930425124FD43D900C7ACEB /* Assets.xcassets in Resources */ = {isa = PBXBuildFile; fileRef = 5930425024FD43D900C7ACEB /* Assets.xcassets */; };
		5930425424FD43D900C7ACEB /* Preview Assets.xcassets in Resources */ = {isa = PBXBuildFile; fileRef = 5930425324FD43D900C7ACEB /* Preview Assets.xcassets */; };
		5930425C24FD440900C7ACEB /* ReaderList.swift in Sources */ = {isa = PBXBuildFile; fileRef = 5930425B24FD440900C7ACEB /* ReaderList.swift */; };
		5930425E24FD441700C7ACEB /* ReaderDetail.swift in Sources */ = {isa = PBXBuildFile; fileRef = 5930425D24FD441700C7ACEB /* ReaderDetail.swift */; };
		5930426124FD443C00C7ACEB /* TechArticle.swift in Sources */ = {isa = PBXBuildFile; fileRef = 5930426024FD443C00C7ACEB /* TechArticle.swift */; };
		5930426324FD44A500C7ACEB /* Remote.swift in Sources */ = {isa = PBXBuildFile; fileRef = 5930426224FD44A500C7ACEB /* Remote.swift */; };
		5930426524FD49C600C7ACEB /* ArticleForm.swift in Sources */ = {isa = PBXBuildFile; fileRef = 5930426424FD49C600C7ACEB /* ArticleForm.swift */; };
/* End PBXBuildFile section */

/* Begin PBXFileReference section */
		5920DA3524FD528900D38772 /* LinksModel.swift */ = {isa = PBXFileReference; lastKnownFileType = sourcecode.swift; path = LinksModel.swift; sourceTree = "<group>"; };
		5920DA3724FD54BE00D38772 /* LinkView.swift */ = {isa = PBXFileReference; lastKnownFileType = sourcecode.swift; path = LinkView.swift; sourceTree = "<group>"; };
		5930424924FD43D800C7ACEB /* TechReader.app */ = {isa = PBXFileReference; explicitFileType = wrapper.application; includeInIndex = 0; path = TechReader.app; sourceTree = BUILT_PRODUCTS_DIR; };
		5930424C24FD43D800C7ACEB /* TechReaderApp.swift */ = {isa = PBXFileReference; lastKnownFileType = sourcecode.swift; path = TechReaderApp.swift; sourceTree = "<group>"; };
		5930424E24FD43D800C7ACEB /* ContentView.swift */ = {isa = PBXFileReference; lastKnownFileType = sourcecode.swift; path = ContentView.swift; sourceTree = "<group>"; };
		5930425024FD43D900C7ACEB /* Assets.xcassets */ = {isa = PBXFileReference; lastKnownFileType = folder.assetcatalog; path = Assets.xcassets; sourceTree = "<group>"; };
		5930425324FD43D900C7ACEB /* Preview Assets.xcassets */ = {isa = PBXFileReference; lastKnownFileType = folder.assetcatalog; path = "Preview Assets.xcassets"; sourceTree = "<group>"; };
		5930425524FD43D900C7ACEB /* Info.plist */ = {isa = PBXFileReference; lastKnownFileType = text.plist.xml; path = Info.plist; sourceTree = "<group>"; };
		5930425B24FD440900C7ACEB /* ReaderList.swift */ = {isa = PBXFileReference; lastKnownFileType = sourcecode.swift; path = ReaderList.swift; sourceTree = "<group>"; };
		5930425D24FD441700C7ACEB /* ReaderDetail.swift */ = {isa = PBXFileReference; lastKnownFileType = sourcecode.swift; path = ReaderDetail.swift; sourceTree = "<group>"; };
		5930426024FD443C00C7ACEB /* TechArticle.swift */ = {isa = PBXFileReference; lastKnownFileType = sourcecode.swift; path = TechArticle.swift; sourceTree = "<group>"; };
		5930426224FD44A500C7ACEB /* Remote.swift */ = {isa = PBXFileReference; fileEncoding = 4; lastKnownFileType = sourcecode.swift; path = Remote.swift; sourceTree = "<group>"; };
		5930426424FD49C600C7ACEB /* ArticleForm.swift */ = {isa = PBXFileReference; lastKnownFileType = sourcecode.swift; path = ArticleForm.swift; sourceTree = "<group>"; };
/* End PBXFileReference section */

/* Begin PBXFrameworksBuildPhase section */
		5930424624FD43D800C7ACEB /* Frameworks */ = {
			isa = PBXFrameworksBuildPhase;
			buildActionMask = 2147483647;
			files = (
			);
			runOnlyForDeploymentPostprocessing = 0;
		};
/* End PBXFrameworksBuildPhase section */

/* Begin PBXGroup section */
		5920DA3424FD51F100D38772 /* Views */ = {
			isa = PBXGroup;
			children = (
				5920DA3724FD54BE00D38772 /* LinkView.swift */,
			);
			path = Views;
			sourceTree = "<group>";
		};
		5930424024FD43D800C7ACEB = {
			isa = PBXGroup;
			children = (
				5930424B24FD43D800C7ACEB /* TechReader */,
				5930424A24FD43D800C7ACEB /* Products */,
			);
			sourceTree = "<group>";
		};
		5930424A24FD43D800C7ACEB /* Products */ = {
			isa = PBXGroup;
			children = (
				5930424924FD43D800C7ACEB /* TechReader.app */,
			);
			name = Products;
			sourceTree = "<group>";
		};
		5930424B24FD43D800C7ACEB /* TechReader */ = {
			isa = PBXGroup;
			children = (
				5920DA3424FD51F100D38772 /* Views */,
				5930425F24FD442200C7ACEB /* Model */,
				5930425B24FD440900C7ACEB /* ReaderList.swift */,
				5930425D24FD441700C7ACEB /* ReaderDetail.swift */,
				5930426424FD49C600C7ACEB /* ArticleForm.swift */,
				5930424C24FD43D800C7ACEB /* TechReaderApp.swift */,
				5930424E24FD43D800C7ACEB /* ContentView.swift */,
				5930425024FD43D900C7ACEB /* Assets.xcassets */,
				5930425524FD43D900C7ACEB /* Info.plist */,
				5930425224FD43D900C7ACEB /* Preview Content */,
			);
			path = TechReader;
			sourceTree = "<group>";
		};
		5930425224FD43D900C7ACEB /* Preview Content */ = {
			isa = PBXGroup;
			children = (
				5930425324FD43D900C7ACEB /* Preview Assets.xcassets */,
			);
			path = "Preview Content";
			sourceTree = "<group>";
		};
		5930425F24FD442200C7ACEB /* Model */ = {
			isa = PBXGroup;
			children = (
				5930426024FD443C00C7ACEB /* TechArticle.swift */,
				5930426224FD44A500C7ACEB /* Remote.swift */,
				5920DA3524FD528900D38772 /* LinksModel.swift */,
			);
			path = Model;
			sourceTree = "<group>";
		};
/* End PBXGroup section */

/* Begin PBXNativeTarget section */
		5930424824FD43D800C7ACEB /* TechReader */ = {
			isa = PBXNativeTarget;
			buildConfigurationList = 5930425824FD43D900C7ACEB /* Build configuration list for PBXNativeTarget "TechReader" */;
			buildPhases = (
				5930424524FD43D800C7ACEB /* Sources */,
				5930424624FD43D800C7ACEB /* Frameworks */,
				5930424724FD43D800C7ACEB /* Resources */,
			);
			buildRules = (
			);
			dependencies = (
			);
			name = TechReader;
			productName = TechReader;
			productReference = 5930424924FD43D800C7ACEB /* TechReader.app */;
			productType = "com.apple.product-type.application";
		};
/* End PBXNativeTarget section */

/* Begin PBXProject section */
		5930424124FD43D800C7ACEB /* Project object */ = {
			isa = PBXProject;
			attributes = {
				LastSwiftUpdateCheck = 1200;
				LastUpgradeCheck = 1200;
				TargetAttributes = {
					5930424824FD43D800C7ACEB = {
						CreatedOnToolsVersion = 12.0;
					};
				};
			};
			buildConfigurationList = 5930424424FD43D800C7ACEB /* Build configuration list for PBXProject "TechReader" */;
			compatibilityVersion = "Xcode 9.3";
			developmentRegion = en;
			hasScannedForEncodings = 0;
			knownRegions = (
				en,
				Base,
			);
			mainGroup = 5930424024FD43D800C7ACEB;
			productRefGroup = 5930424A24FD43D800C7ACEB /* Products */;
			projectDirPath = "";
			projectRoot = "";
			targets = (
				5930424824FD43D800C7ACEB /* TechReader */,
			);
		};
/* End PBXProject section */

/* Begin PBXResourcesBuildPhase section */
		5930424724FD43D800C7ACEB /* Resources */ = {
			isa = PBXResourcesBuildPhase;
			buildActionMask = 2147483647;
			files = (
				5930425424FD43D900C7ACEB /* Preview Assets.xcassets in Resources */,
				5930425124FD43D900C7ACEB /* Assets.xcassets in Resources */,
			);
			runOnlyForDeploymentPostprocessing = 0;
		};
/* End PBXResourcesBuildPhase section */

/* Begin PBXSourcesBuildPhase section */
		5930424524FD43D800C7ACEB /* Sources */ = {
			isa = PBXSourcesBuildPhase;
			buildActionMask = 2147483647;
			files = (
				5930424F24FD43D800C7ACEB /* ContentView.swift in Sources */,
				5930426524FD49C600C7ACEB /* ArticleForm.swift in Sources */,
				5930424D24FD43D800C7ACEB /* TechReaderApp.swift in Sources */,
				5930425C24FD440900C7ACEB /* ReaderList.swift in Sources */,
				5930425E24FD441700C7ACEB /* ReaderDetail.swift in Sources */,
				5920DA3624FD528900D38772 /* LinksModel.swift in Sources */,
				5930426124FD443C00C7ACEB /* TechArticle.swift in Sources */,
				5920DA3824FD54BE00D38772 /* LinkView.swift in Sources */,
				5930426324FD44A500C7ACEB /* Remote.swift in Sources */,
			);
			runOnlyForDeploymentPostprocessing = 0;
		};
/* End PBXSourcesBuildPhase section */

/* Begin XCBuildConfiguration section */
		5930425624FD43D900C7ACEB /* Debug */ = {
			isa = XCBuildConfiguration;
			buildSettings = {
				ALWAYS_SEARCH_USER_PATHS = NO;
				CLANG_ANALYZER_NONNULL = YES;
				CLANG_ANALYZER_NUMBER_OBJECT_CONVERSION = YES_AGGRESSIVE;
				CLANG_CXX_LANGUAGE_STANDARD = "gnu++14";
				CLANG_CXX_LIBRARY = "libc++";
				CLANG_ENABLE_MODULES = YES;
				CLANG_ENABLE_OBJC_ARC = YES;
				CLANG_ENABLE_OBJC_WEAK = YES;
				CLANG_WARN_BLOCK_CAPTURE_AUTORELEASING = YES;
				CLANG_WARN_BOOL_CONVERSION = YES;
				CLANG_WARN_COMMA = YES;
				CLANG_WARN_CONSTANT_CONVERSION = YES;
				CLANG_WARN_DEPRECATED_OBJC_IMPLEMENTATIONS = YES;
				CLANG_WARN_DIRECT_OBJC_ISA_USAGE = YES_ERROR;
				CLANG_WARN_DOCUMENTATION_COMMENTS = YES;
				CLANG_WARN_EMPTY_BODY = YES;
				CLANG_WARN_ENUM_CONVERSION = YES;
				CLANG_WARN_INFINITE_RECURSION = YES;
				CLANG_WARN_INT_CONVERSION = YES;
				CLANG_WARN_NON_LITERAL_NULL_CONVERSION = YES;
				CLANG_WARN_OBJC_IMPLICIT_RETAIN_SELF = YES;
				CLANG_WARN_OBJC_LITERAL_CONVERSION = YES;
				CLANG_WARN_OBJC_ROOT_CLASS = YES_ERROR;
				CLANG_WARN_QUOTED_INCLUDE_IN_FRAMEWORK_HEADER = YES;
				CLANG_WARN_RANGE_LOOP_ANALYSIS = YES;
				CLANG_WARN_STRICT_PROTOTYPES = YES;
				CLANG_WARN_SUSPICIOUS_MOVE = YES;
				CLANG_WARN_UNGUARDED_AVAILABILITY = YES_AGGRESSIVE;
				CLANG_WARN_UNREACHABLE_CODE = YES;
				CLANG_WARN__DUPLICATE_METHOD_MATCH = YES;
				COPY_PHASE_STRIP = NO;
				DEBUG_INFORMATION_FORMAT = dwarf;
				ENABLE_STRICT_OBJC_MSGSEND = YES;
				ENABLE_TESTABILITY = YES;
				GCC_C_LANGUAGE_STANDARD = gnu11;
				GCC_DYNAMIC_NO_PIC = NO;
				GCC_NO_COMMON_BLOCKS = YES;
				GCC_OPTIMIZATION_LEVEL = 0;
				GCC_PREPROCESSOR_DEFINITIONS = (
					"DEBUG=1",
					"$(inherited)",
				);
				GCC_WARN_64_TO_32_BIT_CONVERSION = YES;
				GCC_WARN_ABOUT_RETURN_TYPE = YES_ERROR;
				GCC_WARN_UNDECLARED_SELECTOR = YES;
				GCC_WARN_UNINITIALIZED_AUTOS = YES_AGGRESSIVE;
				GCC_WARN_UNUSED_FUNCTION = YES;
				GCC_WARN_UNUSED_VARIABLE = YES;
				IPHONEOS_DEPLOYMENT_TARGET = 14.0;
				MTL_ENABLE_DEBUG_INFO = INCLUDE_SOURCE;
				MTL_FAST_MATH = YES;
				ONLY_ACTIVE_ARCH = YES;
				SDKROOT = iphoneos;
				SWIFT_ACTIVE_COMPILATION_CONDITIONS = DEBUG;
				SWIFT_OPTIMIZATION_LEVEL = "-Onone";
			};
			name = Debug;
		};
		5930425724FD43D900C7ACEB /* Release */ = {
			isa = XCBuildConfiguration;
			buildSettings = {
				ALWAYS_SEARCH_USER_PATHS = NO;
				CLANG_ANALYZER_NONNULL = YES;
				CLANG_ANALYZER_NUMBER_OBJECT_CONVERSION = YES_AGGRESSIVE;
				CLANG_CXX_LANGUAGE_STANDARD = "gnu++14";
				CLANG_CXX_LIBRARY = "libc++";
				CLANG_ENABLE_MODULES = YES;
				CLANG_ENABLE_OBJC_ARC = YES;
				CLANG_ENABLE_OBJC_WEAK = YES;
				CLANG_WARN_BLOCK_CAPTURE_AUTORELEASING = YES;
				CLANG_WARN_BOOL_CONVERSION = YES;
				CLANG_WARN_COMMA = YES;
				CLANG_WARN_CONSTANT_CONVERSION = YES;
				CLANG_WARN_DEPRECATED_OBJC_IMPLEMENTATIONS = YES;
				CLANG_WARN_DIRECT_OBJC_ISA_USAGE = YES_ERROR;
				CLANG_WARN_DOCUMENTATION_COMMENTS = YES;
				CLANG_WARN_EMPTY_BODY = YES;
				CLANG_WARN_ENUM_CONVERSION = YES;
				CLANG_WARN_INFINITE_RECURSION = YES;
				CLANG_WARN_INT_CONVERSION = YES;
				CLANG_WARN_NON_LITERAL_NULL_CONVERSION = YES;
				CLANG_WARN_OBJC_IMPLICIT_RETAIN_SELF = YES;
				CLANG_WARN_OBJC_LITERAL_CONVERSION = YES;
				CLANG_WARN_OBJC_ROOT_CLASS = YES_ERROR;
				CLANG_WARN_QUOTED_INCLUDE_IN_FRAMEWORK_HEADER = YES;
				CLANG_WARN_RANGE_LOOP_ANALYSIS = YES;
				CLANG_WARN_STRICT_PROTOTYPES = YES;
				CLANG_WARN_SUSPICIOUS_MOVE = YES;
				CLANG_WARN_UNGUARDED_AVAILABILITY = YES_AGGRESSIVE;
				CLANG_WARN_UNREACHABLE_CODE = YES;
				CLANG_WARN__DUPLICATE_METHOD_MATCH = YES;
				COPY_PHASE_STRIP = NO;
				DEBUG_INFORMATION_FORMAT = "dwarf-with-dsym";
				ENABLE_NS_ASSERTIONS = NO;
				ENABLE_STRICT_OBJC_MSGSEND = YES;
				GCC_C_LANGUAGE_STANDARD = gnu11;
				GCC_NO_COMMON_BLOCKS = YES;
				GCC_WARN_64_TO_32_BIT_CONVERSION = YES;
				GCC_WARN_ABOUT_RETURN_TYPE = YES_ERROR;
				GCC_WARN_UNDECLARED_SELECTOR = YES;
				GCC_WARN_UNINITIALIZED_AUTOS = YES_AGGRESSIVE;
				GCC_WARN_UNUSED_FUNCTION = YES;
				GCC_WARN_UNUSED_VARIABLE = YES;
				IPHONEOS_DEPLOYMENT_TARGET = 14.0;
				MTL_ENABLE_DEBUG_INFO = NO;
				MTL_FAST_MATH = YES;
				SDKROOT = iphoneos;
				SWIFT_COMPILATION_MODE = wholemodule;
				SWIFT_OPTIMIZATION_LEVEL = "-O";
				VALIDATE_PRODUCT = YES;
			};
			name = Release;
		};
		5930425924FD43D900C7ACEB /* Debug */ = {
			isa = XCBuildConfiguration;
			buildSettings = {
				ASSETCATALOG_COMPILER_APPICON_NAME = AppIcon;
				ASSETCATALOG_COMPILER_GLOBAL_ACCENT_COLOR_NAME = AccentColor;
				CODE_SIGN_STYLE = Automatic;
				DEVELOPMENT_ASSET_PATHS = "\"TechReader/Preview Content\"";
				DEVELOPMENT_TEAM = QAWWZVREY3;
				ENABLE_PREVIEWS = YES;
				INFOPLIST_FILE = TechReader/Info.plist;
				IPHONEOS_DEPLOYMENT_TARGET = 14.0;
				LD_RUNPATH_SEARCH_PATHS = (
					"$(inherited)",
					"@executable_path/Frameworks",
				);
				PRODUCT_BUNDLE_IDENTIFIER = com.thoamsy.TechReader;
				PRODUCT_NAME = "$(TARGET_NAME)";
				SWIFT_VERSION = 5.0;
				TARGETED_DEVICE_FAMILY = "1,2";
			};
			name = Debug;
		};
		5930425A24FD43D900C7ACEB /* Release */ = {
			isa = XCBuildConfiguration;
			buildSettings = {
				ASSETCATALOG_COMPILER_APPICON_NAME = AppIcon;
				ASSETCATALOG_COMPILER_GLOBAL_ACCENT_COLOR_NAME = AccentColor;
				CODE_SIGN_STYLE = Automatic;
				DEVELOPMENT_ASSET_PATHS = "\"TechReader/Preview Content\"";
				DEVELOPMENT_TEAM = QAWWZVREY3;
				ENABLE_PREVIEWS = YES;
				INFOPLIST_FILE = TechReader/Info.plist;
				IPHONEOS_DEPLOYMENT_TARGET = 14.0;
				LD_RUNPATH_SEARCH_PATHS = (
					"$(inherited)",
					"@executable_path/Frameworks",
				);
				PRODUCT_BUNDLE_IDENTIFIER = com.thoamsy.TechReader;
				PRODUCT_NAME = "$(TARGET_NAME)";
				SWIFT_VERSION = 5.0;
				TARGETED_DEVICE_FAMILY = "1,2";
			};
			name = Release;
		};
/* End XCBuildConfiguration section */

/* Begin XCConfigurationList section */
		5930424424FD43D800C7ACEB /* Build configuration list for PBXProject "TechReader" */ = {
			isa = XCConfigurationList;
			buildConfigurations = (
				5930425624FD43D900C7ACEB /* Debug */,
				5930425724FD43D900C7ACEB /* Release */,
			);
			defaultConfigurationIsVisible = 0;
			defaultConfigurationName = Release;
		};
		5930425824FD43D900C7ACEB /* Build configuration list for PBXNativeTarget "TechReader" */ = {
			isa = XCConfigurationList;
			buildConfigurations = (
				5930425924FD43D900C7ACEB /* Debug */,
				5930425A24FD43D900C7ACEB /* Release */,
			);
			defaultConfigurationIsVisible = 0;
			defaultConfigurationName = Release;
		};
/* End XCConfigurationList section */
	};
	rootObject = 5930424124FD43D800C7ACEB /* Project object */;
}
